
Microsoft Visual Studio Solution File, Format Version 12.00
# Visual Studio 15
VisualStudioVersion = 15.0.27004.2002
MinimumVisualStudioVersion = 10.0.40219.1
Project("{2150E333-8FDC-42A3-9474-1A3956D46DE8}") = "src", "src", "{2020AC68-78E1-4D95-AF3C-2186B9362078}"
EndProject
Project("{2150E333-8FDC-42A3-9474-1A3956D46DE8}") = "Solution Items", "Solution Items", "{B7C5F4AE-7354-4122-89A5-2E1ADF8ADC10}"
	ProjectSection(SolutionItems) = preProject
		src\skeleton\.gitignore = src\skeleton\.gitignore
	EndProjectSection
EndProject
Project("{9A19103F-16F7-4668-BE54-9A1E7A4F7556}") = "EasyChef.UI", "src\skeleton\EasyChef.UI.csproj", "{4AAFD9A8-008C-4ADF-8089-90C6ED4B96E3}"
EndProject
Project("{E53339B2-1760-4266-BCC7-CA923CBCF16C}") = "docker-compose", "docker-compose.dcproj", "{22F88860-8B1E-403B-BB5B-3946FB4DF3EC}"
EndProject
Project("{9A19103F-16F7-4668-BE54-9A1E7A4F7556}") = "EasyChef.Shared", "EasyChef.Shared\EasyChef.Shared.csproj", "{42E5897C-A3CD-472C-8944-C54F810889C2}"
EndProject
Project("{9A19103F-16F7-4668-BE54-9A1E7A4F7556}") = "EasyChef.Backend.Rest", "EasyChef.Backend.Rest\EasyChef.Backend.Rest.csproj", "{B586AE8A-9365-4099-AF0F-BFE7C4431F2F}"
EndProject
Project("{FAE04EC0-301F-11D3-BF4B-00C04F79EFBC}") = "EasyChef.Screenscrapers.CollectAndGo.Windows", "EasyChef.Screenscrapers.CollectAndGo.Windows\EasyChef.Screenscrapers.CollectAndGo.Windows.csproj", "{042FFA4B-4C59-4AC2-A86C-A02104E7ACBC}"
EndProject
Project("{9A19103F-16F7-4668-BE54-9A1E7A4F7556}") = "EasyChef.Contracts.Shared", "EasyChef.Contracts.Shared\EasyChef.Contracts.Shared.csproj", "{E903E54F-ECC8-4046-AC2B-E9B5DDAE4AD2}"
EndProject
Project("{2150E333-8FDC-42A3-9474-1A3956D46DE8}") = "test", "test", "{C89721E9-7618-47D5-BBFE-7B0715BD4F3A}"
EndProject
Project("{FAE04EC0-301F-11D3-BF4B-00C04F79EFBC}") = "EasyChef.Backend.Rest.Test", "EasyChef.Backend.Rest.Test\EasyChef.Backend.Rest.Test.csproj", "{6D2A7728-F7D8-4000-9F77-C415AC6B68C4}"
EndProject
Global
	GlobalSection(SolutionConfigurationPlatforms) = preSolution
		Debug|Any CPU = Debug|Any CPU
		Release|Any CPU = Release|Any CPU
	EndGlobalSection
	GlobalSection(ProjectConfigurationPlatforms) = postSolution
		{4AAFD9A8-008C-4ADF-8089-90C6ED4B96E3}.Debug|Any CPU.ActiveCfg = Debug|Any CPU
		{4AAFD9A8-008C-4ADF-8089-90C6ED4B96E3}.Debug|Any CPU.Build.0 = Debug|Any CPU
		{4AAFD9A8-008C-4ADF-8089-90C6ED4B96E3}.Release|Any CPU.ActiveCfg = Release|Any CPU
		{4AAFD9A8-008C-4ADF-8089-90C6ED4B96E3}.Release|Any CPU.Build.0 = Release|Any CPU
		{22F88860-8B1E-403B-BB5B-3946FB4DF3EC}.Debug|Any CPU.ActiveCfg = Debug|Any CPU
		{22F88860-8B1E-403B-BB5B-3946FB4DF3EC}.Debug|Any CPU.Build.0 = Debug|Any CPU
		{22F88860-8B1E-403B-BB5B-3946FB4DF3EC}.Release|Any CPU.ActiveCfg = Release|Any CPU
		{22F88860-8B1E-403B-BB5B-3946FB4DF3EC}.Release|Any CPU.Build.0 = Release|Any CPU
		{42E5897C-A3CD-472C-8944-C54F810889C2}.Debug|Any CPU.ActiveCfg = Debug|Any CPU
		{42E5897C-A3CD-472C-8944-C54F810889C2}.Debug|Any CPU.Build.0 = Debug|Any CPU
		{42E5897C-A3CD-472C-8944-C54F810889C2}.Release|Any CPU.ActiveCfg = Release|Any CPU
		{42E5897C-A3CD-472C-8944-C54F810889C2}.Release|Any CPU.Build.0 = Release|Any CPU
		{B586AE8A-9365-4099-AF0F-BFE7C4431F2F}.Debug|Any CPU.ActiveCfg = Debug|Any CPU
		{B586AE8A-9365-4099-AF0F-BFE7C4431F2F}.Debug|Any CPU.Build.0 = Debug|Any CPU
		{B586AE8A-9365-4099-AF0F-BFE7C4431F2F}.Release|Any CPU.ActiveCfg = Release|Any CPU
		{B586AE8A-9365-4099-AF0F-BFE7C4431F2F}.Release|Any CPU.Build.0 = Release|Any CPU
		{042FFA4B-4C59-4AC2-A86C-A02104E7ACBC}.Debug|Any CPU.ActiveCfg = Debug|Any CPU
		{042FFA4B-4C59-4AC2-A86C-A02104E7ACBC}.Debug|Any CPU.Build.0 = Debug|Any CPU
		{042FFA4B-4C59-4AC2-A86C-A02104E7ACBC}.Release|Any CPU.ActiveCfg = Release|Any CPU
		{042FFA4B-4C59-4AC2-A86C-A02104E7ACBC}.Release|Any CPU.Build.0 = Release|Any CPU
		{E903E54F-ECC8-4046-AC2B-E9B5DDAE4AD2}.Debug|Any CPU.ActiveCfg = Debug|Any CPU
		{E903E54F-ECC8-4046-AC2B-E9B5DDAE4AD2}.Debug|Any CPU.Build.0 = Debug|Any CPU
		{E903E54F-ECC8-4046-AC2B-E9B5DDAE4AD2}.Release|Any CPU.ActiveCfg = Release|Any CPU
		{E903E54F-ECC8-4046-AC2B-E9B5DDAE4AD2}.Release|Any CPU.Build.0 = Release|Any CPU
		{6D2A7728-F7D8-4000-9F77-C415AC6B68C4}.Debug|Any CPU.ActiveCfg = Debug|Any CPU
		{6D2A7728-F7D8-4000-9F77-C415AC6B68C4}.Debug|Any CPU.Build.0 = Debug|Any CPU
		{6D2A7728-F7D8-4000-9F77-C415AC6B68C4}.Release|Any CPU.ActiveCfg = Release|Any CPU
		{6D2A7728-F7D8-4000-9F77-C415AC6B68C4}.Release|Any CPU.Build.0 = Release|Any CPU
	EndGlobalSection
	GlobalSection(SolutionProperties) = preSolution
		HideSolutionNode = FALSE
	EndGlobalSection
	GlobalSection(NestedProjects) = preSolution
		{4AAFD9A8-008C-4ADF-8089-90C6ED4B96E3} = {2020AC68-78E1-4D95-AF3C-2186B9362078}
		{42E5897C-A3CD-472C-8944-C54F810889C2} = {2020AC68-78E1-4D95-AF3C-2186B9362078}
		{B586AE8A-9365-4099-AF0F-BFE7C4431F2F} = {2020AC68-78E1-4D95-AF3C-2186B9362078}
		{042FFA4B-4C59-4AC2-A86C-A02104E7ACBC} = {2020AC68-78E1-4D95-AF3C-2186B9362078}
		{E903E54F-ECC8-4046-AC2B-E9B5DDAE4AD2} = {2020AC68-78E1-4D95-AF3C-2186B9362078}
		{6D2A7728-F7D8-4000-9F77-C415AC6B68C4} = {C89721E9-7618-47D5-BBFE-7B0715BD4F3A}
	EndGlobalSection
	GlobalSection(ExtensibilityGlobals) = postSolution
		SolutionGuid = {FFB7B7FA-C0EB-4796-9B0E-C23DE0A35D94}
	EndGlobalSection
EndGlobal
